
Microsoft Visual Studio Solution File, Format Version 12.00
# Visual Studio 14
VisualStudioVersion = 14.0.24720.0
MinimumVisualStudioVersion = 10.0.40219.1
Project("{FAE04EC0-301F-11D3-BF4B-00C04F79EFBC}") = "WhisperLibrary", "WhisperLibrary\WhisperLibrary.csproj", "{91F7FA28-73F5-44C8-861F-897C1F0BEC91}"
EndProject
Global
	GlobalSection(SolutionConfigurationPlatforms) = preSolution
		Debug|Any CPU = Debug|Any CPU
		Release|Any CPU = Release|Any CPU
	EndGlobalSection
	GlobalSection(ProjectConfigurationPlatforms) = postSolution
		{91F7FA28-73F5-44C8-861F-897C1F0BEC91}.Debug|Any CPU.ActiveCfg = Debug|Any CPU
		{91F7FA28-73F5-44C8-861F-897C1F0BEC91}.Debug|Any CPU.Build.0 = Debug|Any CPU
		{91F7FA28-73F5-44C8-861F-897C1F0BEC91}.Release|Any CPU.ActiveCfg = Release|Any CPU
		{91F7FA28-73F5-44C8-861F-897C1F0BEC91}.Release|Any CPU.Build.0 = Release|Any CPU
	EndGlobalSection
	GlobalSection(SolutionProperties) = preSolution
		HideSolutionNode = FALSE
	EndGlobalSection
EndGlobal
